// !$*UTF8*$!
{
	archiveVersion = 1;
	classes = {
	};
	objectVersion = 50;
	objects = {

/* Begin PBXBuildFile section */
		B533D6B02266C1A10064B74F /* AppDelegate.swift in Sources */ = {isa = PBXBuildFile; fileRef = B533D6AF2266C1A10064B74F /* AppDelegate.swift */; };
		B533D6B22266C1A10064B74F /* ViewController.swift in Sources */ = {isa = PBXBuildFile; fileRef = B533D6B12266C1A10064B74F /* ViewController.swift */; };
		B533D6B52266C1A10064B74F /* Main.storyboard in Resources */ = {isa = PBXBuildFile; fileRef = B533D6B32266C1A10064B74F /* Main.storyboard */; };
		B533D6B72266C1A20064B74F /* Assets.xcassets in Resources */ = {isa = PBXBuildFile; fileRef = B533D6B62266C1A20064B74F /* Assets.xcassets */; };
		B533D6BA2266C1A20064B74F /* LaunchScreen.storyboard in Resources */ = {isa = PBXBuildFile; fileRef = B533D6B82266C1A20064B74F /* LaunchScreen.storyboard */; };
		B533D6C22266C3600064B74F /* MainTabBarController.swift in Sources */ = {isa = PBXBuildFile; fileRef = B533D6C12266C3600064B74F /* MainTabBarController.swift */; };
		B533D6C42266C50C0064B74F /* HomeController.swift in Sources */ = {isa = PBXBuildFile; fileRef = B533D6C32266C50C0064B74F /* HomeController.swift */; };
		B533D6C62266C5790064B74F /* NetworkingController.swift in Sources */ = {isa = PBXBuildFile; fileRef = B533D6C52266C5790064B74F /* NetworkingController.swift */; };
		B533D6C92266C6C60064B74F /* NewPostController.swift in Sources */ = {isa = PBXBuildFile; fileRef = B533D6C82266C6C60064B74F /* NewPostController.swift */; };
		B533D6CB2266C7190064B74F /* NoticeController.swift in Sources */ = {isa = PBXBuildFile; fileRef = B533D6CA2266C7190064B74F /* NoticeController.swift */; };
		B533D6CD2266C7B10064B74F /* CareersController.swift in Sources */ = {isa = PBXBuildFile; fileRef = B533D6CC2266C7B10064B74F /* CareersController.swift */; };
		B533D6EF2266CB3D0064B74F /* CustomNavigationController.swift in Sources */ = {isa = PBXBuildFile; fileRef = B533D6EE2266CB3D0064B74F /* CustomNavigationController.swift */; };
/* End PBXBuildFile section */

/* Begin PBXFileReference section */
		B533D6AC2266C1A10064B74F /* MakeLinkedIn.app */ = {isa = PBXFileReference; explicitFileType = wrapper.application; includeInIndex = 0; path = MakeLinkedIn.app; sourceTree = BUILT_PRODUCTS_DIR; };
		B533D6AF2266C1A10064B74F /* AppDelegate.swift */ = {isa = PBXFileReference; lastKnownFileType = sourcecode.swift; path = AppDelegate.swift; sourceTree = "<group>"; };
		B533D6B12266C1A10064B74F /* ViewController.swift */ = {isa = PBXFileReference; lastKnownFileType = sourcecode.swift; path = ViewController.swift; sourceTree = "<group>"; };
		B533D6B42266C1A10064B74F /* Base */ = {isa = PBXFileReference; lastKnownFileType = file.storyboard; name = Base; path = Base.lproj/Main.storyboard; sourceTree = "<group>"; };
		B533D6B62266C1A20064B74F /* Assets.xcassets */ = {isa = PBXFileReference; lastKnownFileType = folder.assetcatalog; path = Assets.xcassets; sourceTree = "<group>"; };
		B533D6B92266C1A20064B74F /* Base */ = {isa = PBXFileReference; lastKnownFileType = file.storyboard; name = Base; path = Base.lproj/LaunchScreen.storyboard; sourceTree = "<group>"; };
		B533D6BB2266C1A20064B74F /* Info.plist */ = {isa = PBXFileReference; lastKnownFileType = text.plist.xml; path = Info.plist; sourceTree = "<group>"; };
		B533D6C12266C3600064B74F /* MainTabBarController.swift */ = {isa = PBXFileReference; lastKnownFileType = sourcecode.swift; path = MainTabBarController.swift; sourceTree = "<group>"; };
		B533D6C32266C50C0064B74F /* HomeController.swift */ = {isa = PBXFileReference; lastKnownFileType = sourcecode.swift; path = HomeController.swift; sourceTree = "<group>"; };
		B533D6C52266C5790064B74F /* NetworkingController.swift */ = {isa = PBXFileReference; lastKnownFileType = sourcecode.swift; path = NetworkingController.swift; sourceTree = "<group>"; };
		B533D6C82266C6C60064B74F /* NewPostController.swift */ = {isa = PBXFileReference; lastKnownFileType = sourcecode.swift; path = NewPostController.swift; sourceTree = "<group>"; };
		B533D6CA2266C7190064B74F /* NoticeController.swift */ = {isa = PBXFileReference; lastKnownFileType = sourcecode.swift; path = NoticeController.swift; sourceTree = "<group>"; };
		B533D6CC2266C7B10064B74F /* CareersController.swift */ = {isa = PBXFileReference; lastKnownFileType = sourcecode.swift; path = CareersController.swift; sourceTree = "<group>"; };
		B533D6EE2266CB3D0064B74F /* CustomNavigationController.swift */ = {isa = PBXFileReference; lastKnownFileType = sourcecode.swift; path = CustomNavigationController.swift; sourceTree = "<group>"; };
/* End PBXFileReference section */

/* Begin PBXFrameworksBuildPhase section */
		B533D6A92266C1A10064B74F /* Frameworks */ = {
			isa = PBXFrameworksBuildPhase;
			buildActionMask = 2147483647;
			files = (
			);
			runOnlyForDeploymentPostprocessing = 0;
		};
/* End PBXFrameworksBuildPhase section */

/* Begin PBXGroup section */
		B533D6A32266C1A10064B74F = {
			isa = PBXGroup;
			children = (
				B533D6AE2266C1A10064B74F /* MakeLinkedIn */,
				B533D6AD2266C1A10064B74F /* Products */,
			);
			sourceTree = "<group>";
		};
		B533D6AD2266C1A10064B74F /* Products */ = {
			isa = PBXGroup;
			children = (
				B533D6AC2266C1A10064B74F /* MakeLinkedIn.app */,
			);
			name = Products;
			sourceTree = "<group>";
		};
		B533D6AE2266C1A10064B74F /* MakeLinkedIn */ = {
			isa = PBXGroup;
			children = (
				B533D6AF2266C1A10064B74F /* AppDelegate.swift */,
				B533D6F022671E500064B74F /* Model */,
				B533D6F122671E580064B74F /* View */,
				B533D6C72266C6AF0064B74F /* Controllers */,
				B533D6B32266C1A10064B74F /* Main.storyboard */,
				B533D6B62266C1A20064B74F /* Assets.xcassets */,
				B533D6B82266C1A20064B74F /* LaunchScreen.storyboard */,
				B533D6BB2266C1A20064B74F /* Info.plist */,
			);
			path = MakeLinkedIn;
			sourceTree = "<group>";
		};
		B533D6C72266C6AF0064B74F /* Controllers */ = {
			isa = PBXGroup;
			children = (
				B533D6B12266C1A10064B74F /* ViewController.swift */,
				B533D6C12266C3600064B74F /* MainTabBarController.swift */,
				B533D6C32266C50C0064B74F /* HomeController.swift */,
				B533D6C52266C5790064B74F /* NetworkingController.swift */,
				B533D6C82266C6C60064B74F /* NewPostController.swift */,
				B533D6CA2266C7190064B74F /* NoticeController.swift */,
				B533D6CC2266C7B10064B74F /* CareersController.swift */,
				B533D6EE2266CB3D0064B74F /* CustomNavigationController.swift */,
			);
			path = Controllers;
			sourceTree = "<group>";
		};
		B533D6F022671E500064B74F /* Model */ = {
			isa = PBXGroup;
			children = (
			);
			path = Model;
			sourceTree = "<group>";
		};
		B533D6F122671E580064B74F /* View */ = {
			isa = PBXGroup;
			children = (
			);
			path = View;
			sourceTree = "<group>";
		};
/* End PBXGroup section */

/* Begin PBXNativeTarget section */
		B533D6AB2266C1A10064B74F /* MakeLinkedIn */ = {
			isa = PBXNativeTarget;
			buildConfigurationList = B533D6BE2266C1A20064B74F /* Build configuration list for PBXNativeTarget "MakeLinkedIn" */;
			buildPhases = (
				B533D6A82266C1A10064B74F /* Sources */,
				B533D6A92266C1A10064B74F /* Frameworks */,
				B533D6AA2266C1A10064B74F /* Resources */,
			);
			buildRules = (
			);
			dependencies = (
			);
			name = MakeLinkedIn;
			productName = MakeLinkedIn;
			productReference = B533D6AC2266C1A10064B74F /* MakeLinkedIn.app */;
			productType = "com.apple.product-type.application";
		};
/* End PBXNativeTarget section */

/* Begin PBXProject section */
		B533D6A42266C1A10064B74F /* Project object */ = {
			isa = PBXProject;
			attributes = {
				LastSwiftUpdateCheck = 1020;
				LastUpgradeCheck = 1020;
				ORGANIZATIONNAME = dave76;
				TargetAttributes = {
					B533D6AB2266C1A10064B74F = {
						CreatedOnToolsVersion = 10.2;
					};
				};
			};
			buildConfigurationList = B533D6A72266C1A10064B74F /* Build configuration list for PBXProject "MakeLinkedIn" */;
			compatibilityVersion = "Xcode 9.3";
			developmentRegion = en;
			hasScannedForEncodings = 0;
			knownRegions = (
				en,
				Base,
			);
			mainGroup = B533D6A32266C1A10064B74F;
			productRefGroup = B533D6AD2266C1A10064B74F /* Products */;
			projectDirPath = "";
			projectRoot = "";
			targets = (
				B533D6AB2266C1A10064B74F /* MakeLinkedIn */,
			);
		};
/* End PBXProject section */

/* Begin PBXResourcesBuildPhase section */
		B533D6AA2266C1A10064B74F /* Resources */ = {
			isa = PBXResourcesBuildPhase;
			buildActionMask = 2147483647;
			files = (
				B533D6BA2266C1A20064B74F /* LaunchScreen.storyboard in Resources */,
				B533D6B72266C1A20064B74F /* Assets.xcassets in Resources */,
				B533D6B52266C1A10064B74F /* Main.storyboard in Resources */,
			);
			runOnlyForDeploymentPostprocessing = 0;
		};
/* End PBXResourcesBuildPhase section */

/* Begin PBXSourcesBuildPhase section */
		B533D6A82266C1A10064B74F /* Sources */ = {
			isa = PBXSourcesBuildPhase;
			buildActionMask = 2147483647;
			files = (
				B533D6C42266C50C0064B74F /* HomeController.swift in Sources */,
				B533D6B22266C1A10064B74F /* ViewController.swift in Sources */,
				B533D6CB2266C7190064B74F /* NoticeController.swift in Sources */,
				B533D6EF2266CB3D0064B74F /* CustomNavigationController.swift in Sources */,
				B533D6CD2266C7B10064B74F /* CareersController.swift in Sources */,
				B533D6C92266C6C60064B74F /* NewPostController.swift in Sources */,
				B533D6B02266C1A10064B74F /* AppDelegate.swift in Sources */,
				B533D6C22266C3600064B74F /* MainTabBarController.swift in Sources */,
				B533D6C62266C5790064B74F /* NetworkingController.swift in Sources */,
			);
			runOnlyForDeploymentPostprocessing = 0;
		};
/* End PBXSourcesBuildPhase section */

/* Begin PBXVariantGroup section */
		B533D6B32266C1A10064B74F /* Main.storyboard */ = {
			isa = PBXVariantGroup;
			children = (
				B533D6B42266C1A10064B74F /* Base */,
			);
			name = Main.storyboard;
			sourceTree = "<group>";
		};
		B533D6B82266C1A20064B74F /* LaunchScreen.storyboard */ = {
			isa = PBXVariantGroup;
			children = (
				B533D6B92266C1A20064B74F /* Base */,
			);
			name = LaunchScreen.storyboard;
			sourceTree = "<group>";
		};
/* End PBXVariantGroup section */

/* Begin XCBuildConfiguration section */
		B533D6BC2266C1A20064B74F /* Debug */ = {
			isa = XCBuildConfiguration;
			buildSettings = {
				ALWAYS_SEARCH_USER_PATHS = NO;
				CLANG_ANALYZER_NONNULL = YES;
				CLANG_ANALYZER_NUMBER_OBJECT_CONVERSION = YES_AGGRESSIVE;
				CLANG_CXX_LANGUAGE_STANDARD = "gnu++14";
				CLANG_CXX_LIBRARY = "libc++";
				CLANG_ENABLE_MODULES = YES;
				CLANG_ENABLE_OBJC_ARC = YES;
				CLANG_ENABLE_OBJC_WEAK = YES;
				CLANG_WARN_BLOCK_CAPTURE_AUTORELEASING = YES;
				CLANG_WARN_BOOL_CONVERSION = YES;
				CLANG_WARN_COMMA = YES;
				CLANG_WARN_CONSTANT_CONVERSION = YES;
				CLANG_WARN_DEPRECATED_OBJC_IMPLEMENTATIONS = YES;
				CLANG_WARN_DIRECT_OBJC_ISA_USAGE = YES_ERROR;
				CLANG_WARN_DOCUMENTATION_COMMENTS = YES;
				CLANG_WARN_EMPTY_BODY = YES;
				CLANG_WARN_ENUM_CONVERSION = YES;
				CLANG_WARN_INFINITE_RECURSION = YES;
				CLANG_WARN_INT_CONVERSION = YES;
				CLANG_WARN_NON_LITERAL_NULL_CONVERSION = YES;
				CLANG_WARN_OBJC_IMPLICIT_RETAIN_SELF = YES;
				CLANG_WARN_OBJC_LITERAL_CONVERSION = YES;
				CLANG_WARN_OBJC_ROOT_CLASS = YES_ERROR;
				CLANG_WARN_RANGE_LOOP_ANALYSIS = YES;
				CLANG_WARN_STRICT_PROTOTYPES = YES;
				CLANG_WARN_SUSPICIOUS_MOVE = YES;
				CLANG_WARN_UNGUARDED_AVAILABILITY = YES_AGGRESSIVE;
				CLANG_WARN_UNREACHABLE_CODE = YES;
				CLANG_WARN__DUPLICATE_METHOD_MATCH = YES;
				CODE_SIGN_IDENTITY = "iPhone Developer";
				COPY_PHASE_STRIP = NO;
				DEBUG_INFORMATION_FORMAT = dwarf;
				ENABLE_STRICT_OBJC_MSGSEND = YES;
				ENABLE_TESTABILITY = YES;
				GCC_C_LANGUAGE_STANDARD = gnu11;
				GCC_DYNAMIC_NO_PIC = NO;
				GCC_NO_COMMON_BLOCKS = YES;
				GCC_OPTIMIZATION_LEVEL = 0;
				GCC_PREPROCESSOR_DEFINITIONS = (
					"DEBUG=1",
					"$(inherited)",
				);
				GCC_WARN_64_TO_32_BIT_CONVERSION = YES;
				GCC_WARN_ABOUT_RETURN_TYPE = YES_ERROR;
				GCC_WARN_UNDECLARED_SELECTOR = YES;
				GCC_WARN_UNINITIALIZED_AUTOS = YES_AGGRESSIVE;
				GCC_WARN_UNUSED_FUNCTION = YES;
				GCC_WARN_UNUSED_VARIABLE = YES;
				IPHONEOS_DEPLOYMENT_TARGET = 12.2;
				MTL_ENABLE_DEBUG_INFO = INCLUDE_SOURCE;
				MTL_FAST_MATH = YES;
				ONLY_ACTIVE_ARCH = YES;
				SDKROOT = iphoneos;
				SWIFT_ACTIVE_COMPILATION_CONDITIONS = DEBUG;
				SWIFT_OPTIMIZATION_LEVEL = "-Onone";
			};
			name = Debug;
		};
		B533D6BD2266C1A20064B74F /* Release */ = {
			isa = XCBuildConfiguration;
			buildSettings = {
				ALWAYS_SEARCH_USER_PATHS = NO;
				CLANG_ANALYZER_NONNULL = YES;
				CLANG_ANALYZER_NUMBER_OBJECT_CONVERSION = YES_AGGRESSIVE;
				CLANG_CXX_LANGUAGE_STANDARD = "gnu++14";
				CLANG_CXX_LIBRARY = "libc++";
				CLANG_ENABLE_MODULES = YES;
				CLANG_ENABLE_OBJC_ARC = YES;
				CLANG_ENABLE_OBJC_WEAK = YES;
				CLANG_WARN_BLOCK_CAPTURE_AUTORELEASING = YES;
				CLANG_WARN_BOOL_CONVERSION = YES;
				CLANG_WARN_COMMA = YES;
				CLANG_WARN_CONSTANT_CONVERSION = YES;
				CLANG_WARN_DEPRECATED_OBJC_IMPLEMENTATIONS = YES;
				CLANG_WARN_DIRECT_OBJC_ISA_USAGE = YES_ERROR;
				CLANG_WARN_DOCUMENTATION_COMMENTS = YES;
				CLANG_WARN_EMPTY_BODY = YES;
				CLANG_WARN_ENUM_CONVERSION = YES;
				CLANG_WARN_INFINITE_RECURSION = YES;
				CLANG_WARN_INT_CONVERSION = YES;
				CLANG_WARN_NON_LITERAL_NULL_CONVERSION = YES;
				CLANG_WARN_OBJC_IMPLICIT_RETAIN_SELF = YES;
				CLANG_WARN_OBJC_LITERAL_CONVERSION = YES;
				CLANG_WARN_OBJC_ROOT_CLASS = YES_ERROR;
				CLANG_WARN_RANGE_LOOP_ANALYSIS = YES;
				CLANG_WARN_STRICT_PROTOTYPES = YES;
				CLANG_WARN_SUSPICIOUS_MOVE = YES;
				CLANG_WARN_UNGUARDED_AVAILABILITY = YES_AGGRESSIVE;
				CLANG_WARN_UNREACHABLE_CODE = YES;
				CLANG_WARN__DUPLICATE_METHOD_MATCH = YES;
				CODE_SIGN_IDENTITY = "iPhone Developer";
				COPY_PHASE_STRIP = NO;
				DEBUG_INFORMATION_FORMAT = "dwarf-with-dsym";
				ENABLE_NS_ASSERTIONS = NO;
				ENABLE_STRICT_OBJC_MSGSEND = YES;
				GCC_C_LANGUAGE_STANDARD = gnu11;
				GCC_NO_COMMON_BLOCKS = YES;
				GCC_WARN_64_TO_32_BIT_CONVERSION = YES;
				GCC_WARN_ABOUT_RETURN_TYPE = YES_ERROR;
				GCC_WARN_UNDECLARED_SELECTOR = YES;
				GCC_WARN_UNINITIALIZED_AUTOS = YES_AGGRESSIVE;
				GCC_WARN_UNUSED_FUNCTION = YES;
				GCC_WARN_UNUSED_VARIABLE = YES;
				IPHONEOS_DEPLOYMENT_TARGET = 12.2;
				MTL_ENABLE_DEBUG_INFO = NO;
				MTL_FAST_MATH = YES;
				SDKROOT = iphoneos;
				SWIFT_COMPILATION_MODE = wholemodule;
				SWIFT_OPTIMIZATION_LEVEL = "-O";
				VALIDATE_PRODUCT = YES;
			};
			name = Release;
		};
		B533D6BF2266C1A20064B74F /* Debug */ = {
			isa = XCBuildConfiguration;
			buildSettings = {
				ASSETCATALOG_COMPILER_APPICON_NAME = AppIcon;
				CODE_SIGN_STYLE = Automatic;
				DEVELOPMENT_TEAM = 4Z6U9FKXA9;
				INFOPLIST_FILE = MakeLinkedIn/Info.plist;
				LD_RUNPATH_SEARCH_PATHS = (
					"$(inherited)",
					"@executable_path/Frameworks",
				);
				PRODUCT_BUNDLE_IDENTIFIER = com.mobileandsmile.MakeLinkedIn;
				PRODUCT_NAME = "$(TARGET_NAME)";
				SWIFT_VERSION = 5.0;
				TARGETED_DEVICE_FAMILY = "1,2";
			};
			name = Debug;
		};
		B533D6C02266C1A20064B74F /* Release */ = {
			isa = XCBuildConfiguration;
			buildSettings = {
				ASSETCATALOG_COMPILER_APPICON_NAME = AppIcon;
				CODE_SIGN_STYLE = Automatic;
				DEVELOPMENT_TEAM = 4Z6U9FKXA9;
				INFOPLIST_FILE = MakeLinkedIn/Info.plist;
				LD_RUNPATH_SEARCH_PATHS = (
					"$(inherited)",
					"@executable_path/Frameworks",
				);
				PRODUCT_BUNDLE_IDENTIFIER = com.mobileandsmile.MakeLinkedIn;
				PRODUCT_NAME = "$(TARGET_NAME)";
				SWIFT_VERSION = 5.0;
				TARGETED_DEVICE_FAMILY = "1,2";
			};
			name = Release;
		};
/* End XCBuildConfiguration section */

/* Begin XCConfigurationList section */
		B533D6A72266C1A10064B74F /* Build configuration list for PBXProject "MakeLinkedIn" */ = {
			isa = XCConfigurationList;
			buildConfigurations = (
				B533D6BC2266C1A20064B74F /* Debug */,
				B533D6BD2266C1A20064B74F /* Release */,
			);
			defaultConfigurationIsVisible = 0;
			defaultConfigurationName = Release;
		};
		B533D6BE2266C1A20064B74F /* Build configuration list for PBXNativeTarget "MakeLinkedIn" */ = {
			isa = XCConfigurationList;
			buildConfigurations = (
				B533D6BF2266C1A20064B74F /* Debug */,
				B533D6C02266C1A20064B74F /* Release */,
			);
			defaultConfigurationIsVisible = 0;
			defaultConfigurationName = Release;
		};
/* End XCConfigurationList section */
	};
	rootObject = B533D6A42266C1A10064B74F /* Project object */;
}
